Microsoft Visual Studio Solution File, Format Version 11.00
# Visual Studio 2008

Project("{5A139D38-BABB-D969-5298-F3DE374D03AA}") = "Tower Scene", "Assembly-CSharp.csproj", "{CDDA1C27-DEE7-ADD1-C06D-45AD9A2B9264}"
EndProject
Project("{5A139D38-BABB-D969-5298-F3DE374D03AA}") = "Tower Scene", "Assembly-CSharp-Editor.csproj", "{3AB69319-16AE-2D79-913B-EA90F33C399E}"
EndProject
Project("{5A139D38-BABB-D969-5298-F3DE374D03AA}") = "Tower Scene", "Assembly-UnityScript.unityproj", "{97DF745B-0133-9B02-D6FF-93471AC5FB86}"
EndProject
Global
	GlobalSection(SolutionConfigurationPlatforms) = preSolution
		Debug|Any CPU = Debug|Any CPU
		Release|Any CPU = Release|Any CPU
	EndGlobalSection
	GlobalSection(ProjectConfigurationPlatforms) = postSolution
		{CDDA1C27-DEE7-ADD1-C06D-45AD9A2B9264}.Debug|Any CPU.ActiveCfg = Debug|Any CPU
		{CDDA1C27-DEE7-ADD1-C06D-45AD9A2B9264}.Debug|Any CPU.Build.0 = Debug|Any CPU
		{CDDA1C27-DEE7-ADD1-C06D-45AD9A2B9264}.Release|Any CPU.ActiveCfg = Release|Any CPU
		{CDDA1C27-DEE7-ADD1-C06D-45AD9A2B9264}.Release|Any CPU.Build.0 = Release|Any CPU
		{3AB69319-16AE-2D79-913B-EA90F33C399E}.Debug|Any CPU.ActiveCfg = Debug|Any CPU
		{3AB69319-16AE-2D79-913B-EA90F33C399E}.Debug|Any CPU.Build.0 = Debug|Any CPU
		{3AB69319-16AE-2D79-913B-EA90F33C399E}.Release|Any CPU.ActiveCfg = Release|Any CPU
		{3AB69319-16AE-2D79-913B-EA90F33C399E}.Release|Any CPU.Build.0 = Release|Any CPU
		{97DF745B-0133-9B02-D6FF-93471AC5FB86}.Debug|Any CPU.ActiveCfg = Debug|Any CPU
		{97DF745B-0133-9B02-D6FF-93471AC5FB86}.Debug|Any CPU.Build.0 = Debug|Any CPU
		{97DF745B-0133-9B02-D6FF-93471AC5FB86}.Release|Any CPU.ActiveCfg = Release|Any CPU
		{97DF745B-0133-9B02-D6FF-93471AC5FB86}.Release|Any CPU.Build.0 = Release|Any CPU
	EndGlobalSection
	GlobalSection(SolutionProperties) = preSolution
		HideSolutionNode = FALSE
	EndGlobalSection
																																																	GlobalSection(MonoDevelopProperties) = preSolution
		StartupItem = Assembly-CSharp.csproj
		Policies = $0
		$0.TextStylePolicy = $1
		$1.inheritsSet = null
		$1.scope = text/x-csharp
		$0.CSharpFormattingPolicy = $2
		$2.inheritsSet = Mono
		$2.inheritsScope = text/x-csharp
		$2.scope = text/x-csharp
		$0.TextStylePolicy = $3
		$3.FileWidth = 120
		$3.TabWidth = 4
		$3.EolMarker = Unix
		$3.inheritsSet = Mono
		$3.inheritsScope = text/plain
		$3.scope = text/plain
	EndGlobalSection

EndGlobal
